
Microsoft Visual Studio Solution File, Format Version 12.00
# Visual Studio Version 17
VisualStudioVersion = 17.6.33815.320
MinimumVisualStudioVersion = 10.0.40219.1
Project("{FAE04EC0-301F-11D3-BF4B-00C04F79EFBC}") = "DoctorAppointmentDesktopApp", "DoctorAppointmentDesktopApp\DoctorAppointmentDesktopApp.csproj", "{C347B346-F3A1-4D27-8999-6DD4EABC8D4E}"
	ProjectSection(ProjectDependencies) = postProject
		{BDFE3357-6E81-4283-B875-E1825012CB17} = {BDFE3357-6E81-4283-B875-E1825012CB17}
	EndProjectSection
EndProject
Project("{FAE04EC0-301F-11D3-BF4B-00C04F79EFBC}") = "DoctorAppointmentWebService", "DoctorAppointmentWebService\DoctorAppointmentWebService.csproj", "{BDFE3357-6E81-4283-B875-E1825012CB17}"
EndProject
Global
	GlobalSection(SolutionConfigurationPlatforms) = preSolution
		Debug|Any CPU = Debug|Any CPU
		Release|Any CPU = Release|Any CPU
	EndGlobalSection
	GlobalSection(ProjectConfigurationPlatforms) = postSolution
		{C347B346-F3A1-4D27-8999-6DD4EABC8D4E}.Debug|Any CPU.ActiveCfg = Debug|Any CPU
		{C347B346-F3A1-4D27-8999-6DD4EABC8D4E}.Debug|Any CPU.Build.0 = Debug|Any CPU
		{C347B346-F3A1-4D27-8999-6DD4EABC8D4E}.Release|Any CPU.ActiveCfg = Release|Any CPU
		{C347B346-F3A1-4D27-8999-6DD4EABC8D4E}.Release|Any CPU.Build.0 = Release|Any CPU
		{BDFE3357-6E81-4283-B875-E1825012CB17}.Debug|Any CPU.ActiveCfg = Debug|Any CPU
		{BDFE3357-6E81-4283-B875-E1825012CB17}.Debug|Any CPU.Build.0 = Debug|Any CPU
		{BDFE3357-6E81-4283-B875-E1825012CB17}.Release|Any CPU.ActiveCfg = Release|Any CPU
		{BDFE3357-6E81-4283-B875-E1825012CB17}.Release|Any CPU.Build.0 = Release|Any CPU
	EndGlobalSection
	GlobalSection(SolutionProperties) = preSolution
		HideSolutionNode = FALSE
	EndGlobalSection
	GlobalSection(ExtensibilityGlobals) = postSolution
		SolutionGuid = {315A7526-D3CD-439C-96CD-DFED36E0F580}
	EndGlobalSection
EndGlobal
